// !$*UTF8*$!
{
	archiveVersion = 1;
	classes = {
	};
	objectVersion = 56;
	objects = {

/* Begin PBXBuildFile section */
		940058152A12365B00F6B632 /* ProfileModel.swift in Sources */ = {isa = PBXBuildFile; fileRef = 940058142A12365B00F6B632 /* ProfileModel.swift */; };
		9400581D2A12529600F6B632 /* RegisterController.swift in Sources */ = {isa = PBXBuildFile; fileRef = 9400581C2A12529600F6B632 /* RegisterController.swift */; };
		940058242A1283D700F6B632 /* TopStoryModel.swift in Sources */ = {isa = PBXBuildFile; fileRef = 940058232A1283D700F6B632 /* TopStoryModel.swift */; };
		940058292A1286C700F6B632 /* TopStoryCell.swift in Sources */ = {isa = PBXBuildFile; fileRef = 940058272A1286C700F6B632 /* TopStoryCell.swift */; };
		9400582A2A1286C700F6B632 /* TopStoryCell.xib in Resources */ = {isa = PBXBuildFile; fileRef = 940058282A1286C700F6B632 /* TopStoryCell.xib */; };
		9400582D2A12887000F6B632 /* NetworkManager.swift in Sources */ = {isa = PBXBuildFile; fileRef = 9400582C2A12887000F6B632 /* NetworkManager.swift */; };
		9428503C2A198A49002C1130 /* SearchCell.swift in Sources */ = {isa = PBXBuildFile; fileRef = 9428503A2A198A49002C1130 /* SearchCell.swift */; };
		9428503D2A198A49002C1130 /* SearchCell.xib in Resources */ = {isa = PBXBuildFile; fileRef = 9428503B2A198A49002C1130 /* SearchCell.xib */; };
		94AF40442A0FFCF6009BA5F3 /* AppDelegate.swift in Sources */ = {isa = PBXBuildFile; fileRef = 94AF40432A0FFCF6009BA5F3 /* AppDelegate.swift */; };
		94AF40462A0FFCF6009BA5F3 /* SceneDelegate.swift in Sources */ = {isa = PBXBuildFile; fileRef = 94AF40452A0FFCF6009BA5F3 /* SceneDelegate.swift */; };
		94AF404B2A0FFCF6009BA5F3 /* Main.storyboard in Resources */ = {isa = PBXBuildFile; fileRef = 94AF40492A0FFCF6009BA5F3 /* Main.storyboard */; };
		94AF404E2A0FFCF6009BA5F3 /* NewYorkTimesApp.xcdatamodeld in Sources */ = {isa = PBXBuildFile; fileRef = 94AF404C2A0FFCF6009BA5F3 /* NewYorkTimesApp.xcdatamodeld */; };
		94AF40502A0FFCF8009BA5F3 /* Assets.xcassets in Resources */ = {isa = PBXBuildFile; fileRef = 94AF404F2A0FFCF8009BA5F3 /* Assets.xcassets */; };
		94AF40532A0FFCF8009BA5F3 /* LaunchScreen.storyboard in Resources */ = {isa = PBXBuildFile; fileRef = 94AF40512A0FFCF8009BA5F3 /* LaunchScreen.storyboard */; };
		94E292F92A128A9E008A0CD7 /* NetworkHelper.swift in Sources */ = {isa = PBXBuildFile; fileRef = 94E292F82A128A9E008A0CD7 /* NetworkHelper.swift */; };
		94E292FB2A12905B008A0CD7 /* TopStoryController.swift in Sources */ = {isa = PBXBuildFile; fileRef = 94E292FA2A12905B008A0CD7 /* TopStoryController.swift */; };
		94E292FD2A129236008A0CD7 /* TopStoryViewModel.swift in Sources */ = {isa = PBXBuildFile; fileRef = 94E292FC2A129236008A0CD7 /* TopStoryViewModel.swift */; };
		94E293002A1293D6008A0CD7 /* TopStoryManager.swift in Sources */ = {isa = PBXBuildFile; fileRef = 94E292FF2A1293D6008A0CD7 /* TopStoryManager.swift */; };
		94E293022A129496008A0CD7 /* TopStoryHelper.swift in Sources */ = {isa = PBXBuildFile; fileRef = 94E293012A129496008A0CD7 /* TopStoryHelper.swift */; };
		94E293052A138932008A0CD7 /* UIImageView+Extension.swift in Sources */ = {isa = PBXBuildFile; fileRef = 94E293042A138932008A0CD7 /* UIImageView+Extension.swift */; };
		94E293072A14550F008A0CD7 /* RegisterViewModel.swift in Sources */ = {isa = PBXBuildFile; fileRef = 94E293062A14550F008A0CD7 /* RegisterViewModel.swift */; };
		94E2930A2A145C1A008A0CD7 /* LoginController.swift in Sources */ = {isa = PBXBuildFile; fileRef = 94E293092A145C1A008A0CD7 /* LoginController.swift */; };
		94E2930C2A145C30008A0CD7 /* LoginViewModel.swift in Sources */ = {isa = PBXBuildFile; fileRef = 94E2930B2A145C30008A0CD7 /* LoginViewModel.swift */; };
		94E2930F2A17CEA7008A0CD7 /* DetailController.swift in Sources */ = {isa = PBXBuildFile; fileRef = 94E2930E2A17CEA7008A0CD7 /* DetailController.swift */; };
		94E2931B2A180E65008A0CD7 /* SearchManager.swift in Sources */ = {isa = PBXBuildFile; fileRef = 94E2931A2A180E65008A0CD7 /* SearchManager.swift */; };
		94E2931D2A180F7E008A0CD7 /* SearchHelper.swift in Sources */ = {isa = PBXBuildFile; fileRef = 94E2931C2A180F7E008A0CD7 /* SearchHelper.swift */; };
		94E293232A18C0CF008A0CD7 /* CustomCell.swift in Sources */ = {isa = PBXBuildFile; fileRef = 94E293212A18C0CF008A0CD7 /* CustomCell.swift */; };
		94E293242A18C0CF008A0CD7 /* CustomCell.xib in Resources */ = {isa = PBXBuildFile; fileRef = 94E293222A18C0CF008A0CD7 /* CustomCell.xib */; };
		94E293272A18CAA9008A0CD7 /* SearchController.swift in Sources */ = {isa = PBXBuildFile; fileRef = 94E293262A18CAA9008A0CD7 /* SearchController.swift */; };
		94E293292A18CAB9008A0CD7 /* SearchViewModel.swift in Sources */ = {isa = PBXBuildFile; fileRef = 94E293282A18CAB9008A0CD7 /* SearchViewModel.swift */; };
		94E2932B2A18CACC008A0CD7 /* SearchModel.swift in Sources */ = {isa = PBXBuildFile; fileRef = 94E2932A2A18CACC008A0CD7 /* SearchModel.swift */; };
		B6370C18DB3622B43AE38A52 /* Pods_NewYorkTimesApp.framework in Frameworks */ = {isa = PBXBuildFile; fileRef = E8A59870E1EE29184A6CD644 /* Pods_NewYorkTimesApp.framework */; };
/* End PBXBuildFile section */

/* Begin PBXFileReference section */
		940058142A12365B00F6B632 /* ProfileModel.swift */ = {isa = PBXFileReference; lastKnownFileType = sourcecode.swift; path = ProfileModel.swift; sourceTree = "<group>"; };
		9400581C2A12529600F6B632 /* RegisterController.swift */ = {isa = PBXFileReference; lastKnownFileType = sourcecode.swift; path = RegisterController.swift; sourceTree = "<group>"; };
		940058232A1283D700F6B632 /* TopStoryModel.swift */ = {isa = PBXFileReference; lastKnownFileType = sourcecode.swift; path = TopStoryModel.swift; sourceTree = "<group>"; };
		940058272A1286C700F6B632 /* TopStoryCell.swift */ = {isa = PBXFileReference; lastKnownFileType = sourcecode.swift; path = TopStoryCell.swift; sourceTree = "<group>"; };
		940058282A1286C700F6B632 /* TopStoryCell.xib */ = {isa = PBXFileReference; lastKnownFileType = file.xib; path = TopStoryCell.xib; sourceTree = "<group>"; };
		9400582C2A12887000F6B632 /* NetworkManager.swift */ = {isa = PBXFileReference; lastKnownFileType = sourcecode.swift; path = NetworkManager.swift; sourceTree = "<group>"; };
		9428503A2A198A49002C1130 /* SearchCell.swift */ = {isa = PBXFileReference; lastKnownFileType = sourcecode.swift; path = SearchCell.swift; sourceTree = "<group>"; };
		9428503B2A198A49002C1130 /* SearchCell.xib */ = {isa = PBXFileReference; lastKnownFileType = file.xib; path = SearchCell.xib; sourceTree = "<group>"; };
		94AF40402A0FFCF6009BA5F3 /* NewYorkTimesApp.app */ = {isa = PBXFileReference; explicitFileType = wrapper.application; includeInIndex = 0; path = NewYorkTimesApp.app; sourceTree = BUILT_PRODUCTS_DIR; };
		94AF40432A0FFCF6009BA5F3 /* AppDelegate.swift */ = {isa = PBXFileReference; lastKnownFileType = sourcecode.swift; path = AppDelegate.swift; sourceTree = "<group>"; };
		94AF40452A0FFCF6009BA5F3 /* SceneDelegate.swift */ = {isa = PBXFileReference; lastKnownFileType = sourcecode.swift; path = SceneDelegate.swift; sourceTree = "<group>"; };
		94AF404A2A0FFCF6009BA5F3 /* Base */ = {isa = PBXFileReference; lastKnownFileType = file.storyboard; name = Base; path = Base.lproj/Main.storyboard; sourceTree = "<group>"; };
		94AF404D2A0FFCF6009BA5F3 /* NewYorkTimesApp.xcdatamodel */ = {isa = PBXFileReference; lastKnownFileType = wrapper.xcdatamodel; path = NewYorkTimesApp.xcdatamodel; sourceTree = "<group>"; };
		94AF404F2A0FFCF8009BA5F3 /* Assets.xcassets */ = {isa = PBXFileReference; lastKnownFileType = folder.assetcatalog; path = Assets.xcassets; sourceTree = "<group>"; };
		94AF40522A0FFCF8009BA5F3 /* Base */ = {isa = PBXFileReference; lastKnownFileType = file.storyboard; name = Base; path = Base.lproj/LaunchScreen.storyboard; sourceTree = "<group>"; };
		94AF40542A0FFCF8009BA5F3 /* Info.plist */ = {isa = PBXFileReference; lastKnownFileType = text.plist.xml; path = Info.plist; sourceTree = "<group>"; };
		94E292F82A128A9E008A0CD7 /* NetworkHelper.swift */ = {isa = PBXFileReference; lastKnownFileType = sourcecode.swift; path = NetworkHelper.swift; sourceTree = "<group>"; };
		94E292FA2A12905B008A0CD7 /* TopStoryController.swift */ = {isa = PBXFileReference; lastKnownFileType = sourcecode.swift; path = TopStoryController.swift; sourceTree = "<group>"; };
		94E292FC2A129236008A0CD7 /* TopStoryViewModel.swift */ = {isa = PBXFileReference; lastKnownFileType = sourcecode.swift; path = TopStoryViewModel.swift; sourceTree = "<group>"; };
		94E292FF2A1293D6008A0CD7 /* TopStoryManager.swift */ = {isa = PBXFileReference; lastKnownFileType = sourcecode.swift; path = TopStoryManager.swift; sourceTree = "<group>"; };
		94E293012A129496008A0CD7 /* TopStoryHelper.swift */ = {isa = PBXFileReference; lastKnownFileType = sourcecode.swift; path = TopStoryHelper.swift; sourceTree = "<group>"; };
		94E293042A138932008A0CD7 /* UIImageView+Extension.swift */ = {isa = PBXFileReference; lastKnownFileType = sourcecode.swift; path = "UIImageView+Extension.swift"; sourceTree = "<group>"; };
		94E293062A14550F008A0CD7 /* RegisterViewModel.swift */ = {isa = PBXFileReference; lastKnownFileType = sourcecode.swift; path = RegisterViewModel.swift; sourceTree = "<group>"; };
		94E293092A145C1A008A0CD7 /* LoginController.swift */ = {isa = PBXFileReference; lastKnownFileType = sourcecode.swift; path = LoginController.swift; sourceTree = "<group>"; };
		94E2930B2A145C30008A0CD7 /* LoginViewModel.swift */ = {isa = PBXFileReference; lastKnownFileType = sourcecode.swift; path = LoginViewModel.swift; sourceTree = "<group>"; };
		94E2930E2A17CEA7008A0CD7 /* DetailController.swift */ = {isa = PBXFileReference; lastKnownFileType = sourcecode.swift; path = DetailController.swift; sourceTree = "<group>"; };
		94E2931A2A180E65008A0CD7 /* SearchManager.swift */ = {isa = PBXFileReference; lastKnownFileType = sourcecode.swift; path = SearchManager.swift; sourceTree = "<group>"; };
		94E2931C2A180F7E008A0CD7 /* SearchHelper.swift */ = {isa = PBXFileReference; lastKnownFileType = sourcecode.swift; path = SearchHelper.swift; sourceTree = "<group>"; };
		94E293212A18C0CF008A0CD7 /* CustomCell.swift */ = {isa = PBXFileReference; lastKnownFileType = sourcecode.swift; path = CustomCell.swift; sourceTree = "<group>"; };
		94E293222A18C0CF008A0CD7 /* CustomCell.xib */ = {isa = PBXFileReference; lastKnownFileType = file.xib; path = CustomCell.xib; sourceTree = "<group>"; };
		94E293262A18CAA9008A0CD7 /* SearchController.swift */ = {isa = PBXFileReference; lastKnownFileType = sourcecode.swift; path = SearchController.swift; sourceTree = "<group>"; };
		94E293282A18CAB9008A0CD7 /* SearchViewModel.swift */ = {isa = PBXFileReference; lastKnownFileType = sourcecode.swift; path = SearchViewModel.swift; sourceTree = "<group>"; };
		94E2932A2A18CACC008A0CD7 /* SearchModel.swift */ = {isa = PBXFileReference; lastKnownFileType = sourcecode.swift; path = SearchModel.swift; sourceTree = "<group>"; };
		BE93D57218F5E099B595EFDA /* Pods-NewYorkTimesApp.release.xcconfig */ = {isa = PBXFileReference; includeInIndex = 1; lastKnownFileType = text.xcconfig; name = "Pods-NewYorkTimesApp.release.xcconfig"; path = "Target Support Files/Pods-NewYorkTimesApp/Pods-NewYorkTimesApp.release.xcconfig"; sourceTree = "<group>"; };
		E093E84434D90436D7585DC9 /* Pods-NewYorkTimesApp.debug.xcconfig */ = {isa = PBXFileReference; includeInIndex = 1; lastKnownFileType = text.xcconfig; name = "Pods-NewYorkTimesApp.debug.xcconfig"; path = "Target Support Files/Pods-NewYorkTimesApp/Pods-NewYorkTimesApp.debug.xcconfig"; sourceTree = "<group>"; };
		E8A59870E1EE29184A6CD644 /* Pods_NewYorkTimesApp.framework */ = {isa = PBXFileReference; explicitFileType = wrapper.framework; includeInIndex = 0; path = Pods_NewYorkTimesApp.framework; sourceTree = BUILT_PRODUCTS_DIR; };
/* End PBXFileReference section */

/* Begin PBXFrameworksBuildPhase section */
		94AF403D2A0FFCF6009BA5F3 /* Frameworks */ = {
			isa = PBXFrameworksBuildPhase;
			buildActionMask = 2147483647;
			files = (
				B6370C18DB3622B43AE38A52 /* Pods_NewYorkTimesApp.framework in Frameworks */,
			);
			runOnlyForDeploymentPostprocessing = 0;
		};
/* End PBXFrameworksBuildPhase section */

/* Begin PBXGroup section */
		2FC99D33FB4898F5DEEF9B04 /* Frameworks */ = {
			isa = PBXGroup;
			children = (
				E8A59870E1EE29184A6CD644 /* Pods_NewYorkTimesApp.framework */,
			);
			name = Frameworks;
			sourceTree = "<group>";
		};
		940058132A12363000F6B632 /* Model */ = {
			isa = PBXGroup;
			children = (
				940058142A12365B00F6B632 /* ProfileModel.swift */,
			);
			path = Model;
			sourceTree = "<group>";
		};
		940058252A12867200F6B632 /* TopStory */ = {
			isa = PBXGroup;
			children = (
				94E292FA2A12905B008A0CD7 /* TopStoryController.swift */,
				94E292FC2A129236008A0CD7 /* TopStoryViewModel.swift */,
				940058232A1283D700F6B632 /* TopStoryModel.swift */,
			);
			path = TopStory;
			sourceTree = "<group>";
		};
		940058262A1286AB00F6B632 /* XIB */ = {
			isa = PBXGroup;
			children = (
				940058272A1286C700F6B632 /* TopStoryCell.swift */,
				940058282A1286C700F6B632 /* TopStoryCell.xib */,
				94E293212A18C0CF008A0CD7 /* CustomCell.swift */,
				94E293222A18C0CF008A0CD7 /* CustomCell.xib */,
				9428503A2A198A49002C1130 /* SearchCell.swift */,
				9428503B2A198A49002C1130 /* SearchCell.xib */,
			);
			path = XIB;
			sourceTree = "<group>";
		};
		9400582B2A12884900F6B632 /* NetworkManager */ = {
			isa = PBXGroup;
			children = (
				9400582C2A12887000F6B632 /* NetworkManager.swift */,
				94E292F82A128A9E008A0CD7 /* NetworkHelper.swift */,
			);
			path = NetworkManager;
			sourceTree = "<group>";
		};
		9428503E2A1993AA002C1130 /* Extension */ = {
			isa = PBXGroup;
			children = (
				94E293042A138932008A0CD7 /* UIImageView+Extension.swift */,
			);
			path = Extension;
			sourceTree = "<group>";
		};
		94AF40372A0FFCF6009BA5F3 = {
			isa = PBXGroup;
			children = (
				94AF40422A0FFCF6009BA5F3 /* NewYorkTimesApp */,
				94AF40412A0FFCF6009BA5F3 /* Products */,
				DD7793DC0FE2C086309B0EBB /* Pods */,
				2FC99D33FB4898F5DEEF9B04 /* Frameworks */,
			);
			sourceTree = "<group>";
		};
		94AF40412A0FFCF6009BA5F3 /* Products */ = {
			isa = PBXGroup;
			children = (
				94AF40402A0FFCF6009BA5F3 /* NewYorkTimesApp.app */,
			);
			name = Products;
			sourceTree = "<group>";
		};
		94AF40422A0FFCF6009BA5F3 /* NewYorkTimesApp */ = {
			isa = PBXGroup;
			children = (
				94E293182A180E25008A0CD7 /* Helper */,
				94E293252A18CA2C008A0CD7 /* Search */,
				94E2930D2A17CE93008A0CD7 /* Detail */,
				94E293082A145BF0008A0CD7 /* LoginController */,
				94E293032A137318008A0CD7 /* Register */,
				940058252A12867200F6B632 /* TopStory */,
				940058132A12363000F6B632 /* Model */,
				94AF40432A0FFCF6009BA5F3 /* AppDelegate.swift */,
				94AF40452A0FFCF6009BA5F3 /* SceneDelegate.swift */,
				94AF40492A0FFCF6009BA5F3 /* Main.storyboard */,
				94AF404F2A0FFCF8009BA5F3 /* Assets.xcassets */,
				94AF40512A0FFCF8009BA5F3 /* LaunchScreen.storyboard */,
				94AF40542A0FFCF8009BA5F3 /* Info.plist */,
				94AF404C2A0FFCF6009BA5F3 /* NewYorkTimesApp.xcdatamodeld */,
			);
			path = NewYorkTimesApp;
			sourceTree = "<group>";
		};
		94E292FE2A12937A008A0CD7 /* TopStoryManager */ = {
			isa = PBXGroup;
			children = (
				94E292FF2A1293D6008A0CD7 /* TopStoryManager.swift */,
				94E293012A129496008A0CD7 /* TopStoryHelper.swift */,
			);
			path = TopStoryManager;
			sourceTree = "<group>";
		};
		94E293032A137318008A0CD7 /* Register */ = {
			isa = PBXGroup;
			children = (
				9400581C2A12529600F6B632 /* RegisterController.swift */,
				94E293062A14550F008A0CD7 /* RegisterViewModel.swift */,
			);
			path = Register;
			sourceTree = "<group>";
		};
		94E293082A145BF0008A0CD7 /* LoginController */ = {
			isa = PBXGroup;
			children = (
				94E293092A145C1A008A0CD7 /* LoginController.swift */,
				94E2930B2A145C30008A0CD7 /* LoginViewModel.swift */,
			);
			path = LoginController;
			sourceTree = "<group>";
		};
		94E2930D2A17CE93008A0CD7 /* Detail */ = {
			isa = PBXGroup;
			children = (
				94E2930E2A17CEA7008A0CD7 /* DetailController.swift */,
			);
			path = Detail;
			sourceTree = "<group>";
		};
		94E293182A180E25008A0CD7 /* Helper */ = {
			isa = PBXGroup;
			children = (
				940058262A1286AB00F6B632 /* XIB */,
				9428503E2A1993AA002C1130 /* Extension */,
				94E293192A180E4B008A0CD7 /* SearchManager */,
				9400582B2A12884900F6B632 /* NetworkManager */,
				94E292FE2A12937A008A0CD7 /* TopStoryManager */,
			);
			path = Helper;
			sourceTree = "<group>";
		};
		94E293192A180E4B008A0CD7 /* SearchManager */ = {
			isa = PBXGroup;
			children = (
				94E2931A2A180E65008A0CD7 /* SearchManager.swift */,
				94E2931C2A180F7E008A0CD7 /* SearchHelper.swift */,
			);
			path = SearchManager;
			sourceTree = "<group>";
		};
		94E293252A18CA2C008A0CD7 /* Search */ = {
			isa = PBXGroup;
			children = (
				94E293262A18CAA9008A0CD7 /* SearchController.swift */,
				94E293282A18CAB9008A0CD7 /* SearchViewModel.swift */,
				94E2932A2A18CACC008A0CD7 /* SearchModel.swift */,
			);
			path = Search;
			sourceTree = "<group>";
		};
		DD7793DC0FE2C086309B0EBB /* Pods */ = {
			isa = PBXGroup;
			children = (
				E093E84434D90436D7585DC9 /* Pods-NewYorkTimesApp.debug.xcconfig */,
				BE93D57218F5E099B595EFDA /* Pods-NewYorkTimesApp.release.xcconfig */,
			);
			path = Pods;
			sourceTree = "<group>";
		};
/* End PBXGroup section */

/* Begin PBXNativeTarget section */
		94AF403F2A0FFCF6009BA5F3 /* NewYorkTimesApp */ = {
			isa = PBXNativeTarget;
			buildConfigurationList = 94AF40572A0FFCF8009BA5F3 /* Build configuration list for PBXNativeTarget "NewYorkTimesApp" */;
			buildPhases = (
				F5808CE1A68B76FCB1E8C674 /* [CP] Check Pods Manifest.lock */,
				94AF403C2A0FFCF6009BA5F3 /* Sources */,
				94AF403D2A0FFCF6009BA5F3 /* Frameworks */,
				94AF403E2A0FFCF6009BA5F3 /* Resources */,
				A20ACAB227E0D49AA3E59A54 /* [CP] Embed Pods Frameworks */,
			);
			buildRules = (
			);
			dependencies = (
			);
			name = NewYorkTimesApp;
			productName = NewYorkTimesApp;
			productReference = 94AF40402A0FFCF6009BA5F3 /* NewYorkTimesApp.app */;
			productType = "com.apple.product-type.application";
		};
/* End PBXNativeTarget section */

/* Begin PBXProject section */
		94AF40382A0FFCF6009BA5F3 /* Project object */ = {
			isa = PBXProject;
			attributes = {
				BuildIndependentTargetsInParallel = 1;
				LastSwiftUpdateCheck = 1420;
				LastUpgradeCheck = 1420;
				TargetAttributes = {
					94AF403F2A0FFCF6009BA5F3 = {
						CreatedOnToolsVersion = 14.2;
					};
				};
			};
			buildConfigurationList = 94AF403B2A0FFCF6009BA5F3 /* Build configuration list for PBXProject "NewYorkTimesApp" */;
			compatibilityVersion = "Xcode 14.0";
			developmentRegion = en;
			hasScannedForEncodings = 0;
			knownRegions = (
				en,
				Base,
			);
			mainGroup = 94AF40372A0FFCF6009BA5F3;
			productRefGroup = 94AF40412A0FFCF6009BA5F3 /* Products */;
			projectDirPath = "";
			projectRoot = "";
			targets = (
				94AF403F2A0FFCF6009BA5F3 /* NewYorkTimesApp */,
			);
		};
/* End PBXProject section */

/* Begin PBXResourcesBuildPhase section */
		94AF403E2A0FFCF6009BA5F3 /* Resources */ = {
			isa = PBXResourcesBuildPhase;
			buildActionMask = 2147483647;
			files = (
				94E293242A18C0CF008A0CD7 /* CustomCell.xib in Resources */,
				94AF40532A0FFCF8009BA5F3 /* LaunchScreen.storyboard in Resources */,
				9400582A2A1286C700F6B632 /* TopStoryCell.xib in Resources */,
				9428503D2A198A49002C1130 /* SearchCell.xib in Resources */,
				94AF40502A0FFCF8009BA5F3 /* Assets.xcassets in Resources */,
				94AF404B2A0FFCF6009BA5F3 /* Main.storyboard in Resources */,
			);
			runOnlyForDeploymentPostprocessing = 0;
		};
/* End PBXResourcesBuildPhase section */

/* Begin PBXShellScriptBuildPhase section */
		A20ACAB227E0D49AA3E59A54 /* [CP] Embed Pods Frameworks */ = {
			isa = PBXShellScriptBuildPhase;
			buildActionMask = 2147483647;
			files = (
			);
			inputFileListPaths = (
				"${PODS_ROOT}/Target Support Files/Pods-NewYorkTimesApp/Pods-NewYorkTimesApp-frameworks-${CONFIGURATION}-input-files.xcfilelist",
			);
			name = "[CP] Embed Pods Frameworks";
			outputFileListPaths = (
				"${PODS_ROOT}/Target Support Files/Pods-NewYorkTimesApp/Pods-NewYorkTimesApp-frameworks-${CONFIGURATION}-output-files.xcfilelist",
			);
			runOnlyForDeploymentPostprocessing = 0;
			shellPath = /bin/sh;
			shellScript = "\"${PODS_ROOT}/Target Support Files/Pods-NewYorkTimesApp/Pods-NewYorkTimesApp-frameworks.sh\"\n";
			showEnvVarsInLog = 0;
		};
		F5808CE1A68B76FCB1E8C674 /* [CP] Check Pods Manifest.lock */ = {
			isa = PBXShellScriptBuildPhase;
			buildActionMask = 2147483647;
			files = (
			);
			inputFileListPaths = (
			);
			inputPaths = (
				"${PODS_PODFILE_DIR_PATH}/Podfile.lock",
				"${PODS_ROOT}/Manifest.lock",
			);
			name = "[CP] Check Pods Manifest.lock";
			outputFileListPaths = (
			);
			outputPaths = (
				"$(DERIVED_FILE_DIR)/Pods-NewYorkTimesApp-checkManifestLockResult.txt",
			);
			runOnlyForDeploymentPostprocessing = 0;
			shellPath = /bin/sh;
			shellScript = "diff \"${PODS_PODFILE_DIR_PATH}/Podfile.lock\" \"${PODS_ROOT}/Manifest.lock\" > /dev/null\nif [ $? != 0 ] ; then\n    # print error to STDERR\n    echo \"error: The sandbox is not in sync with the Podfile.lock. Run 'pod install' or update your CocoaPods installation.\" >&2\n    exit 1\nfi\n# This output is used by Xcode 'outputs' to avoid re-running this script phase.\necho \"SUCCESS\" > \"${SCRIPT_OUTPUT_FILE_0}\"\n";
			showEnvVarsInLog = 0;
		};
/* End PBXShellScriptBuildPhase section */

/* Begin PBXSourcesBuildPhase section */
		94AF403C2A0FFCF6009BA5F3 /* Sources */ = {
			isa = PBXSourcesBuildPhase;
			buildActionMask = 2147483647;
			files = (
				94E293052A138932008A0CD7 /* UIImageView+Extension.swift in Sources */,
				9400582D2A12887000F6B632 /* NetworkManager.swift in Sources */,
				94E293232A18C0CF008A0CD7 /* CustomCell.swift in Sources */,
				94E2932B2A18CACC008A0CD7 /* SearchModel.swift in Sources */,
				94AF40442A0FFCF6009BA5F3 /* AppDelegate.swift in Sources */,
				94E293072A14550F008A0CD7 /* RegisterViewModel.swift in Sources */,
				94E292FD2A129236008A0CD7 /* TopStoryViewModel.swift in Sources */,
				94E292F92A128A9E008A0CD7 /* NetworkHelper.swift in Sources */,
				940058292A1286C700F6B632 /* TopStoryCell.swift in Sources */,
				94AF404E2A0FFCF6009BA5F3 /* NewYorkTimesApp.xcdatamodeld in Sources */,
				94E293002A1293D6008A0CD7 /* TopStoryManager.swift in Sources */,
				9428503C2A198A49002C1130 /* SearchCell.swift in Sources */,
				94E293022A129496008A0CD7 /* TopStoryHelper.swift in Sources */,
				94E2930C2A145C30008A0CD7 /* LoginViewModel.swift in Sources */,
				94E292FB2A12905B008A0CD7 /* TopStoryController.swift in Sources */,
				9400581D2A12529600F6B632 /* RegisterController.swift in Sources */,
				940058242A1283D700F6B632 /* TopStoryModel.swift in Sources */,
				94E293272A18CAA9008A0CD7 /* SearchController.swift in Sources */,
				94E2931B2A180E65008A0CD7 /* SearchManager.swift in Sources */,
				94E293292A18CAB9008A0CD7 /* SearchViewModel.swift in Sources */,
				94E2930A2A145C1A008A0CD7 /* LoginController.swift in Sources */,
				94E2931D2A180F7E008A0CD7 /* SearchHelper.swift in Sources */,
				940058152A12365B00F6B632 /* ProfileModel.swift in Sources */,
				94E2930F2A17CEA7008A0CD7 /* DetailController.swift in Sources */,
				94AF40462A0FFCF6009BA5F3 /* SceneDelegate.swift in Sources */,
			);
			runOnlyForDeploymentPostprocessing = 0;
		};
/* End PBXSourcesBuildPhase section */

/* Begin PBXVariantGroup section */
		94AF40492A0FFCF6009BA5F3 /* Main.storyboard */ = {
			isa = PBXVariantGroup;
			children = (
				94AF404A2A0FFCF6009BA5F3 /* Base */,
			);
			name = Main.storyboard;
			sourceTree = "<group>";
		};
		94AF40512A0FFCF8009BA5F3 /* LaunchScreen.storyboard */ = {
			isa = PBXVariantGroup;
			children = (
				94AF40522A0FFCF8009BA5F3 /* Base */,
			);
			name = LaunchScreen.storyboard;
			sourceTree = "<group>";
		};
/* End PBXVariantGroup section */

/* Begin XCBuildConfiguration section */
		94AF40552A0FFCF8009BA5F3 /* Debug */ = {
			isa = XCBuildConfiguration;
			buildSettings = {
				ALWAYS_SEARCH_USER_PATHS = NO;
				CLANG_ANALYZER_NONNULL = YES;
				CLANG_ANALYZER_NUMBER_OBJECT_CONVERSION = YES_AGGRESSIVE;
				CLANG_CXX_LANGUAGE_STANDARD = "gnu++20";
				CLANG_ENABLE_MODULES = YES;
				CLANG_ENABLE_OBJC_ARC = YES;
				CLANG_ENABLE_OBJC_WEAK = YES;
				CLANG_WARN_BLOCK_CAPTURE_AUTORELEASING = YES;
				CLANG_WARN_BOOL_CONVERSION = YES;
				CLANG_WARN_COMMA = YES;
				CLANG_WARN_CONSTANT_CONVERSION = YES;
				CLANG_WARN_DEPRECATED_OBJC_IMPLEMENTATIONS = YES;
				CLANG_WARN_DIRECT_OBJC_ISA_USAGE = YES_ERROR;
				CLANG_WARN_DOCUMENTATION_COMMENTS = YES;
				CLANG_WARN_EMPTY_BODY = YES;
				CLANG_WARN_ENUM_CONVERSION = YES;
				CLANG_WARN_INFINITE_RECURSION = YES;
				CLANG_WARN_INT_CONVERSION = YES;
				CLANG_WARN_NON_LITERAL_NULL_CONVERSION = YES;
				CLANG_WARN_OBJC_IMPLICIT_RETAIN_SELF = YES;
				CLANG_WARN_OBJC_LITERAL_CONVERSION = YES;
				CLANG_WARN_OBJC_ROOT_CLASS = YES_ERROR;
				CLANG_WARN_QUOTED_INCLUDE_IN_FRAMEWORK_HEADER = YES;
				CLANG_WARN_RANGE_LOOP_ANALYSIS = YES;
				CLANG_WARN_STRICT_PROTOTYPES = YES;
				CLANG_WARN_SUSPICIOUS_MOVE = YES;
				CLANG_WARN_UNGUARDED_AVAILABILITY = YES_AGGRESSIVE;
				CLANG_WARN_UNREACHABLE_CODE = YES;
				CLANG_WARN__DUPLICATE_METHOD_MATCH = YES;
				COPY_PHASE_STRIP = NO;
				DEBUG_INFORMATION_FORMAT = dwarf;
				ENABLE_STRICT_OBJC_MSGSEND = YES;
				ENABLE_TESTABILITY = YES;
				GCC_C_LANGUAGE_STANDARD = gnu11;
				GCC_DYNAMIC_NO_PIC = NO;
				GCC_NO_COMMON_BLOCKS = YES;
				GCC_OPTIMIZATION_LEVEL = 0;
				GCC_PREPROCESSOR_DEFINITIONS = (
					"DEBUG=1",
					"$(inherited)",
				);
				GCC_WARN_64_TO_32_BIT_CONVERSION = YES;
				GCC_WARN_ABOUT_RETURN_TYPE = YES_ERROR;
				GCC_WARN_UNDECLARED_SELECTOR = YES;
				GCC_WARN_UNINITIALIZED_AUTOS = YES_AGGRESSIVE;
				GCC_WARN_UNUSED_FUNCTION = YES;
				GCC_WARN_UNUSED_VARIABLE = YES;
				IPHONEOS_DEPLOYMENT_TARGET = 16.2;
				MTL_ENABLE_DEBUG_INFO = INCLUDE_SOURCE;
				MTL_FAST_MATH = YES;
				ONLY_ACTIVE_ARCH = YES;
				SDKROOT = iphoneos;
				SWIFT_ACTIVE_COMPILATION_CONDITIONS = DEBUG;
				SWIFT_OPTIMIZATION_LEVEL = "-Onone";
			};
			name = Debug;
		};
		94AF40562A0FFCF8009BA5F3 /* Release */ = {
			isa = XCBuildConfiguration;
			buildSettings = {
				ALWAYS_SEARCH_USER_PATHS = NO;
				CLANG_ANALYZER_NONNULL = YES;
				CLANG_ANALYZER_NUMBER_OBJECT_CONVERSION = YES_AGGRESSIVE;
				CLANG_CXX_LANGUAGE_STANDARD = "gnu++20";
				CLANG_ENABLE_MODULES = YES;
				CLANG_ENABLE_OBJC_ARC = YES;
				CLANG_ENABLE_OBJC_WEAK = YES;
				CLANG_WARN_BLOCK_CAPTURE_AUTORELEASING = YES;
				CLANG_WARN_BOOL_CONVERSION = YES;
				CLANG_WARN_COMMA = YES;
				CLANG_WARN_CONSTANT_CONVERSION = YES;
				CLANG_WARN_DEPRECATED_OBJC_IMPLEMENTATIONS = YES;
				CLANG_WARN_DIRECT_OBJC_ISA_USAGE = YES_ERROR;
				CLANG_WARN_DOCUMENTATION_COMMENTS = YES;
				CLANG_WARN_EMPTY_BODY = YES;
				CLANG_WARN_ENUM_CONVERSION = YES;
				CLANG_WARN_INFINITE_RECURSION = YES;
				CLANG_WARN_INT_CONVERSION = YES;
				CLANG_WARN_NON_LITERAL_NULL_CONVERSION = YES;
				CLANG_WARN_OBJC_IMPLICIT_RETAIN_SELF = YES;
				CLANG_WARN_OBJC_LITERAL_CONVERSION = YES;
				CLANG_WARN_OBJC_ROOT_CLASS = YES_ERROR;
				CLANG_WARN_QUOTED_INCLUDE_IN_FRAMEWORK_HEADER = YES;
				CLANG_WARN_RANGE_LOOP_ANALYSIS = YES;
				CLANG_WARN_STRICT_PROTOTYPES = YES;
				CLANG_WARN_SUSPICIOUS_MOVE = YES;
				CLANG_WARN_UNGUARDED_AVAILABILITY = YES_AGGRESSIVE;
				CLANG_WARN_UNREACHABLE_CODE = YES;
				CLANG_WARN__DUPLICATE_METHOD_MATCH = YES;
				COPY_PHASE_STRIP = NO;
				DEBUG_INFORMATION_FORMAT = "dwarf-with-dsym";
				ENABLE_NS_ASSERTIONS = NO;
				ENABLE_STRICT_OBJC_MSGSEND = YES;
				GCC_C_LANGUAGE_STANDARD = gnu11;
				GCC_NO_COMMON_BLOCKS = YES;
				GCC_WARN_64_TO_32_BIT_CONVERSION = YES;
				GCC_WARN_ABOUT_RETURN_TYPE = YES_ERROR;
				GCC_WARN_UNDECLARED_SELECTOR = YES;
				GCC_WARN_UNINITIALIZED_AUTOS = YES_AGGRESSIVE;
				GCC_WARN_UNUSED_FUNCTION = YES;
				GCC_WARN_UNUSED_VARIABLE = YES;
				IPHONEOS_DEPLOYMENT_TARGET = 16.2;
				MTL_ENABLE_DEBUG_INFO = NO;
				MTL_FAST_MATH = YES;
				SDKROOT = iphoneos;
				SWIFT_COMPILATION_MODE = wholemodule;
				SWIFT_OPTIMIZATION_LEVEL = "-O";
				VALIDATE_PRODUCT = YES;
			};
			name = Release;
		};
		94AF40582A0FFCF8009BA5F3 /* Debug */ = {
			isa = XCBuildConfiguration;
			baseConfigurationReference = E093E84434D90436D7585DC9 /* Pods-NewYorkTimesApp.debug.xcconfig */;
			buildSettings = {
				ASSETCATALOG_COMPILER_APPICON_NAME = AppIcon;
				ASSETCATALOG_COMPILER_GLOBAL_ACCENT_COLOR_NAME = AccentColor;
				CODE_SIGN_STYLE = Automatic;
				CURRENT_PROJECT_VERSION = 1;
				DEVELOPMENT_TEAM = Y2KGFDC5BW;
				GENERATE_INFOPLIST_FILE = YES;
				INFOPLIST_FILE = NewYorkTimesApp/Info.plist;
				INFOPLIST_KEY_UIApplicationSupportsIndirectInputEvents = YES;
				INFOPLIST_KEY_UILaunchStoryboardName = LaunchScreen;
				INFOPLIST_KEY_UIMainStoryboardFile = Main;
				INFOPLIST_KEY_UISupportedInterfaceOrientations_iPad = "UIInterfaceOrientationPortrait UIInterfaceOrientationPortraitUpsideDown UIInterfaceOrientationLandscapeLeft UIInterfaceOrientationLandscapeRight";
				INFOPLIST_KEY_UISupportedInterfaceOrientations_iPhone = "UIInterfaceOrientationPortrait UIInterfaceOrientationLandscapeLeft UIInterfaceOrientationLandscapeRight";
				LD_RUNPATH_SEARCH_PATHS = (
					"$(inherited)",
					"@executable_path/Frameworks",
				);
				MARKETING_VERSION = 1.0;
				PRODUCT_BUNDLE_IDENTIFIER = com.arazmuradov.NewYorkTimesApp;
				PRODUCT_NAME = "$(TARGET_NAME)";
				SWIFT_EMIT_LOC_STRINGS = YES;
				SWIFT_VERSION = 5.0;
				TARGETED_DEVICE_FAMILY = "1,2";
			};
			name = Debug;
		};
		94AF40592A0FFCF8009BA5F3 /* Release */ = {
			isa = XCBuildConfiguration;
			baseConfigurationReference = BE93D57218F5E099B595EFDA /* Pods-NewYorkTimesApp.release.xcconfig */;
			buildSettings = {
				ASSETCATALOG_COMPILER_APPICON_NAME = AppIcon;
				ASSETCATALOG_COMPILER_GLOBAL_ACCENT_COLOR_NAME = AccentColor;
				CODE_SIGN_STYLE = Automatic;
				CURRENT_PROJECT_VERSION = 1;
				DEVELOPMENT_TEAM = Y2KGFDC5BW;
				GENERATE_INFOPLIST_FILE = YES;
				INFOPLIST_FILE = NewYorkTimesApp/Info.plist;
				INFOPLIST_KEY_UIApplicationSupportsIndirectInputEvents = YES;
				INFOPLIST_KEY_UILaunchStoryboardName = LaunchScreen;
				INFOPLIST_KEY_UIMainStoryboardFile = Main;
				INFOPLIST_KEY_UISupportedInterfaceOrientations_iPad = "UIInterfaceOrientationPortrait UIInterfaceOrientationPortraitUpsideDown UIInterfaceOrientationLandscapeLeft UIInterfaceOrientationLandscapeRight";
				INFOPLIST_KEY_UISupportedInterfaceOrientations_iPhone = "UIInterfaceOrientationPortrait UIInterfaceOrientationLandscapeLeft UIInterfaceOrientationLandscapeRight";
				LD_RUNPATH_SEARCH_PATHS = (
					"$(inherited)",
					"@executable_path/Frameworks",
				);
				MARKETING_VERSION = 1.0;
				PRODUCT_BUNDLE_IDENTIFIER = com.arazmuradov.NewYorkTimesApp;
				PRODUCT_NAME = "$(TARGET_NAME)";
				SWIFT_EMIT_LOC_STRINGS = YES;
				SWIFT_VERSION = 5.0;
				TARGETED_DEVICE_FAMILY = "1,2";
			};
			name = Release;
		};
/* End XCBuildConfiguration section */

/* Begin XCConfigurationList section */
		94AF403B2A0FFCF6009BA5F3 /* Build configuration list for PBXProject "NewYorkTimesApp" */ = {
			isa = XCConfigurationList;
			buildConfigurations = (
				94AF40552A0FFCF8009BA5F3 /* Debug */,
				94AF40562A0FFCF8009BA5F3 /* Release */,
			);
			defaultConfigurationIsVisible = 0;
			defaultConfigurationName = Release;
		};
		94AF40572A0FFCF8009BA5F3 /* Build configuration list for PBXNativeTarget "NewYorkTimesApp" */ = {
			isa = XCConfigurationList;
			buildConfigurations = (
				94AF40582A0FFCF8009BA5F3 /* Debug */,
				94AF40592A0FFCF8009BA5F3 /* Release */,
			);
			defaultConfigurationIsVisible = 0;
			defaultConfigurationName = Release;
		};
/* End XCConfigurationList section */

/* Begin XCVersionGroup section */
		94AF404C2A0FFCF6009BA5F3 /* NewYorkTimesApp.xcdatamodeld */ = {
			isa = XCVersionGroup;
			children = (
				94AF404D2A0FFCF6009BA5F3 /* NewYorkTimesApp.xcdatamodel */,
			);
			currentVersion = 94AF404D2A0FFCF6009BA5F3 /* NewYorkTimesApp.xcdatamodel */;
			path = NewYorkTimesApp.xcdatamodeld;
			sourceTree = "<group>";
			versionGroupType = wrapper.xcdatamodel;
		};
/* End XCVersionGroup section */
	};
	rootObject = 94AF40382A0FFCF6009BA5F3 /* Project object */;
}
